
Microsoft Visual Studio Solution File, Format Version 12.00
# Visual Studio 2013
VisualStudioVersion = 12.0.31101.0
MinimumVisualStudioVersion = 10.0.40219.1
Project("{FAE04EC0-301F-11D3-BF4B-00C04F79EFBC}") = "ExamenBroker.Sender", "ExamenBroker.Sender.csproj", "{32E649AF-62A9-486F-9A53-1C597E0F0C37}"
EndProject
Project("{FAE04EC0-301F-11D3-BF4B-00C04F79EFBC}") = "ExamenBroker.Receiver", "..\ExamenBroker.Receiver\ExamenBroker.Receiver.csproj", "{1D132E7B-2540-4EBB-90CC-D9FF013CEE40}"
EndProject
Project("{FAE04EC0-301F-11D3-BF4B-00C04F79EFBC}") = "ExamenBrokerTableStorageClient", "..\ExamenBrokerTableStorageClient\ExamenBrokerTableStorageClient.csproj", "{4F3266E2-312A-47DA-9D6A-E297EEB40225}"
EndProject
Global
	GlobalSection(SolutionConfigurationPlatforms) = preSolution
		Debug|Any CPU = Debug|Any CPU
		Release|Any CPU = Release|Any CPU
	EndGlobalSection
	GlobalSection(ProjectConfigurationPlatforms) = postSolution
		{32E649AF-62A9-486F-9A53-1C597E0F0C37}.Debug|Any CPU.ActiveCfg = Debug|Any CPU
		{32E649AF-62A9-486F-9A53-1C597E0F0C37}.Debug|Any CPU.Build.0 = Debug|Any CPU
		{32E649AF-62A9-486F-9A53-1C597E0F0C37}.Release|Any CPU.ActiveCfg = Release|Any CPU
		{32E649AF-62A9-486F-9A53-1C597E0F0C37}.Release|Any CPU.Build.0 = Release|Any CPU
		{1D132E7B-2540-4EBB-90CC-D9FF013CEE40}.Debug|Any CPU.ActiveCfg = Debug|Any CPU
		{1D132E7B-2540-4EBB-90CC-D9FF013CEE40}.Debug|Any CPU.Build.0 = Debug|Any CPU
		{1D132E7B-2540-4EBB-90CC-D9FF013CEE40}.Release|Any CPU.ActiveCfg = Release|Any CPU
		{1D132E7B-2540-4EBB-90CC-D9FF013CEE40}.Release|Any CPU.Build.0 = Release|Any CPU
		{4F3266E2-312A-47DA-9D6A-E297EEB40225}.Debug|Any CPU.ActiveCfg = Debug|Any CPU
		{4F3266E2-312A-47DA-9D6A-E297EEB40225}.Debug|Any CPU.Build.0 = Debug|Any CPU
		{4F3266E2-312A-47DA-9D6A-E297EEB40225}.Release|Any CPU.ActiveCfg = Release|Any CPU
		{4F3266E2-312A-47DA-9D6A-E297EEB40225}.Release|Any CPU.Build.0 = Release|Any CPU
	EndGlobalSection
	GlobalSection(SolutionProperties) = preSolution
		HideSolutionNode = FALSE
	EndGlobalSection
EndGlobal
